
Microsoft Visual Studio Solution File, Format Version 12.00
# Visual Studio 15
VisualStudioVersion = 15.0.28307.1062
MinimumVisualStudioVersion = 10.0.40219.1
Project("{FAE04EC0-301F-11D3-BF4B-00C04F79EFBC}") = "VectorNombreEdad", "VectorNombreEdad\VectorNombreEdad.csproj", "{3D7B4465-4CFF-46E9-818B-42BA03EFA045}"
EndProject
Global
	GlobalSection(SolutionConfigurationPlatforms) = preSolution
		Debug|Any CPU = Debug|Any CPU
		Release|Any CPU = Release|Any CPU
	EndGlobalSection
	GlobalSection(ProjectConfigurationPlatforms) = postSolution
		{3D7B4465-4CFF-46E9-818B-42BA03EFA045}.Debug|Any CPU.ActiveCfg = Debug|Any CPU
		{3D7B4465-4CFF-46E9-818B-42BA03EFA045}.Debug|Any CPU.Build.0 = Debug|Any CPU
		{3D7B4465-4CFF-46E9-818B-42BA03EFA045}.Release|Any CPU.ActiveCfg = Release|Any CPU
		{3D7B4465-4CFF-46E9-818B-42BA03EFA045}.Release|Any CPU.Build.0 = Release|Any CPU
	EndGlobalSection
	GlobalSection(SolutionProperties) = preSolution
		HideSolutionNode = FALSE
	EndGlobalSection
	GlobalSection(ExtensibilityGlobals) = postSolution
		SolutionGuid = {3C0E6E83-5265-4E82-B9CD-3959C39EBA56}
	EndGlobalSection
EndGlobal
